
Microsoft Visual Studio Solution File, Format Version 12.00
# Visual Studio 15
VisualStudioVersion = 15.0.27703.2018
MinimumVisualStudioVersion = 10.0.40219.1
Project("{54435603-DBB4-11D2-8724-00A0C9A8B90C}") = "Gestion d'albums", "Gestion d'albums\Gestion d'albums.vdproj", "{380ED8E1-9B14-4A56-886A-3050B16989F0}"
EndProject
Project("{FAE04EC0-301F-11D3-BF4B-00C04F79EFBC}") = "PROUGERIE_HSOEUR.ListeAlbum.ConsoleApp", "..\PROUGERIE_HSOEUR.ListeAlbum\PROUGERIE_HSOEUR.ListeAlbum.ConsoleApp\PROUGERIE_HSOEUR.ListeAlbum.ConsoleApp.csproj", "{9F1A3631-BD6B-4D6B-9F84-AD3546CD4D04}"
EndProject
Project("{FAE04EC0-301F-11D3-BF4B-00C04F79EFBC}") = "PROUGERIE_HSOEUR.ListeAlbum.Controllers", "..\PROUGERIE_HSOEUR.ListeAlbum\PROUGERIE_HSOEUR.ListeAlbum.Controllers\PROUGERIE_HSOEUR.ListeAlbum.Controllers.csproj", "{D2E58359-A5C0-43D4-8FDE-14B5D2D513F8}"
EndProject
Project("{FAE04EC0-301F-11D3-BF4B-00C04F79EFBC}") = "PROUGERIE_HSOEUR.ListeAlbum.models", "..\PROUGERIE_HSOEUR.ListeAlbum\PROUGERIE_HSOEUR.ListeAlbum.models\PROUGERIE_HSOEUR.ListeAlbum.models.csproj", "{8F24F9FE-9CC5-4FE1-86B6-CD37BA05FA41}"
EndProject
Project("{FAE04EC0-301F-11D3-BF4B-00C04F79EFBC}") = "PROUGERIE_HSOEUR.ListeAlbum.views", "..\PROUGERIE_HSOEUR.ListeAlbum\PROUGERIE_HSOEUR.ListeAlbum.views\PROUGERIE_HSOEUR.ListeAlbum.views.csproj", "{7D10E651-F0C8-4235-9265-29AC1472E81F}"
EndProject
Project("{FAE04EC0-301F-11D3-BF4B-00C04F79EFBC}") = "WPFApp", "..\PROUGERIE_HSOEUR.ListeAlbum\WPFApp\WPFApp.csproj", "{8F56582C-0180-4F34-B887-1D32DA62004E}"
EndProject
Project("{FAE04EC0-301F-11D3-BF4B-00C04F79EFBC}") = "PROUGERIE_HSOEUR.ListeAlbum.persistance", "..\PROUGERIE_HSOEUR.ListeAlbum\PROUGERIE_HSOEUR.ListeAlbum.persistance\PROUGERIE_HSOEUR.ListeAlbum.persistance.csproj", "{5E92F672-9979-44A5-B3BF-B3016C25CFD2}"
EndProject
Project("{FAE04EC0-301F-11D3-BF4B-00C04F79EFBC}") = "PROUGERIE_HSOEUR.ListeAlbum.Ressources", "..\PROUGERIE_HSOEUR.ListeAlbum\PROUGERIE_HSOEUR.ListeAlbum.Ressources\PROUGERIE_HSOEUR.ListeAlbum.Ressources.csproj", "{28935E3C-0318-46A5-B39D-9E23DF1A2EE4}"
EndProject
Global
	GlobalSection(SolutionConfigurationPlatforms) = preSolution
		Debug|Any CPU = Debug|Any CPU
		Release|Any CPU = Release|Any CPU
	EndGlobalSection
	GlobalSection(ProjectConfigurationPlatforms) = postSolution
		{380ED8E1-9B14-4A56-886A-3050B16989F0}.Debug|Any CPU.ActiveCfg = Debug
		{380ED8E1-9B14-4A56-886A-3050B16989F0}.Debug|Any CPU.Build.0 = Debug
		{380ED8E1-9B14-4A56-886A-3050B16989F0}.Release|Any CPU.ActiveCfg = Release
		{380ED8E1-9B14-4A56-886A-3050B16989F0}.Release|Any CPU.Build.0 = Release
		{9F1A3631-BD6B-4D6B-9F84-AD3546CD4D04}.Debug|Any CPU.ActiveCfg = Debug|Any CPU
		{9F1A3631-BD6B-4D6B-9F84-AD3546CD4D04}.Debug|Any CPU.Build.0 = Debug|Any CPU
		{9F1A3631-BD6B-4D6B-9F84-AD3546CD4D04}.Release|Any CPU.ActiveCfg = Release|Any CPU
		{9F1A3631-BD6B-4D6B-9F84-AD3546CD4D04}.Release|Any CPU.Build.0 = Release|Any CPU
		{D2E58359-A5C0-43D4-8FDE-14B5D2D513F8}.Debug|Any CPU.ActiveCfg = Debug|Any CPU
		{D2E58359-A5C0-43D4-8FDE-14B5D2D513F8}.Debug|Any CPU.Build.0 = Debug|Any CPU
		{D2E58359-A5C0-43D4-8FDE-14B5D2D513F8}.Release|Any CPU.ActiveCfg = Release|Any CPU
		{D2E58359-A5C0-43D4-8FDE-14B5D2D513F8}.Release|Any CPU.Build.0 = Release|Any CPU
		{8F24F9FE-9CC5-4FE1-86B6-CD37BA05FA41}.Debug|Any CPU.ActiveCfg = Debug|Any CPU
		{8F24F9FE-9CC5-4FE1-86B6-CD37BA05FA41}.Debug|Any CPU.Build.0 = Debug|Any CPU
		{8F24F9FE-9CC5-4FE1-86B6-CD37BA05FA41}.Release|Any CPU.ActiveCfg = Release|Any CPU
		{8F24F9FE-9CC5-4FE1-86B6-CD37BA05FA41}.Release|Any CPU.Build.0 = Release|Any CPU
		{7D10E651-F0C8-4235-9265-29AC1472E81F}.Debug|Any CPU.ActiveCfg = Debug|Any CPU
		{7D10E651-F0C8-4235-9265-29AC1472E81F}.Debug|Any CPU.Build.0 = Debug|Any CPU
		{7D10E651-F0C8-4235-9265-29AC1472E81F}.Release|Any CPU.ActiveCfg = Release|Any CPU
		{7D10E651-F0C8-4235-9265-29AC1472E81F}.Release|Any CPU.Build.0 = Release|Any CPU
		{8F56582C-0180-4F34-B887-1D32DA62004E}.Debug|Any CPU.ActiveCfg = Debug|Any CPU
		{8F56582C-0180-4F34-B887-1D32DA62004E}.Debug|Any CPU.Build.0 = Debug|Any CPU
		{8F56582C-0180-4F34-B887-1D32DA62004E}.Release|Any CPU.ActiveCfg = Release|Any CPU
		{8F56582C-0180-4F34-B887-1D32DA62004E}.Release|Any CPU.Build.0 = Release|Any CPU
		{5E92F672-9979-44A5-B3BF-B3016C25CFD2}.Debug|Any CPU.ActiveCfg = Debug|Any CPU
		{5E92F672-9979-44A5-B3BF-B3016C25CFD2}.Debug|Any CPU.Build.0 = Debug|Any CPU
		{5E92F672-9979-44A5-B3BF-B3016C25CFD2}.Release|Any CPU.ActiveCfg = Release|Any CPU
		{5E92F672-9979-44A5-B3BF-B3016C25CFD2}.Release|Any CPU.Build.0 = Release|Any CPU
		{28935E3C-0318-46A5-B39D-9E23DF1A2EE4}.Debug|Any CPU.ActiveCfg = Debug|Any CPU
		{28935E3C-0318-46A5-B39D-9E23DF1A2EE4}.Debug|Any CPU.Build.0 = Debug|Any CPU
		{28935E3C-0318-46A5-B39D-9E23DF1A2EE4}.Release|Any CPU.ActiveCfg = Release|Any CPU
		{28935E3C-0318-46A5-B39D-9E23DF1A2EE4}.Release|Any CPU.Build.0 = Release|Any CPU
	EndGlobalSection
	GlobalSection(SolutionProperties) = preSolution
		HideSolutionNode = FALSE
	EndGlobalSection
	GlobalSection(ExtensibilityGlobals) = postSolution
		SolutionGuid = {9D4C5F1A-D086-4C53-9072-F89E7BE7A5EF}
	EndGlobalSection
EndGlobal
